// !$*UTF8*$!
{
	archiveVersion = 1;
	classes = {
	};
	objectVersion = 46;
	objects = {

/* Begin PBXBuildFile section */
		2BB3508E1D8ECA42002048DE /* main.m in Sources */ = {isa = PBXBuildFile; fileRef = 2BB3508D1D8ECA42002048DE /* main.m */; };
		2BB350911D8ECA42002048DE /* AppDelegate.m in Sources */ = {isa = PBXBuildFile; fileRef = 2BB350901D8ECA42002048DE /* AppDelegate.m */; };
		2BB350941D8ECA42002048DE /* ViewController.m in Sources */ = {isa = PBXBuildFile; fileRef = 2BB350931D8ECA42002048DE /* ViewController.m */; };
		2BB350971D8ECA43002048DE /* Main.storyboard in Resources */ = {isa = PBXBuildFile; fileRef = 2BB350951D8ECA43002048DE /* Main.storyboard */; };
		2BB350991D8ECA43002048DE /* Assets.xcassets in Resources */ = {isa = PBXBuildFile; fileRef = 2BB350981D8ECA43002048DE /* Assets.xcassets */; };
		2BB3509C1D8ECA43002048DE /* LaunchScreen.storyboard in Resources */ = {isa = PBXBuildFile; fileRef = 2BB3509A1D8ECA43002048DE /* LaunchScreen.storyboard */; };
		2BB350A71D8ECA43002048DE /* lcyzhiboTests.m in Sources */ = {isa = PBXBuildFile; fileRef = 2BB350A61D8ECA43002048DE /* lcyzhiboTests.m */; };
		2BB350B21D8ECA43002048DE /* lcyzhiboUITests.m in Sources */ = {isa = PBXBuildFile; fileRef = 2BB350B11D8ECA43002048DE /* lcyzhiboUITests.m */; };
/* End PBXBuildFile section */

/* Begin PBXContainerItemProxy section */
		2BB350A31D8ECA43002048DE /* PBXContainerItemProxy */ = {
			isa = PBXContainerItemProxy;
			containerPortal = 2BB350811D8ECA42002048DE /* Project object */;
			proxyType = 1;
			remoteGlobalIDString = 2BB350881D8ECA42002048DE;
			remoteInfo = lcyzhibo;
		};
		2BB350AE1D8ECA43002048DE /* PBXContainerItemProxy */ = {
			isa = PBXContainerItemProxy;
			containerPortal = 2BB350811D8ECA42002048DE /* Project object */;
			proxyType = 1;
			remoteGlobalIDString = 2BB350881D8ECA42002048DE;
			remoteInfo = lcyzhibo;
		};
/* End PBXContainerItemProxy section */

/* Begin PBXFileReference section */
		2BB350891D8ECA42002048DE /* lcyzhibo.app */ = {isa = PBXFileReference; explicitFileType = wrapper.application; includeInIndex = 0; path = lcyzhibo.app; sourceTree = BUILT_PRODUCTS_DIR; };
		2BB3508D1D8ECA42002048DE /* main.m */ = {isa = PBXFileReference; lastKnownFileType = sourcecode.c.objc; path = main.m; sourceTree = "<group>"; };
		2BB3508F1D8ECA42002048DE /* AppDelegate.h */ = {isa = PBXFileReference; lastKnownFileType = sourcecode.c.h; path = AppDelegate.h; sourceTree = "<group>"; };
		2BB350901D8ECA42002048DE /* AppDelegate.m */ = {isa = PBXFileReference; lastKnownFileType = sourcecode.c.objc; path = AppDelegate.m; sourceTree = "<group>"; };
		2BB350921D8ECA42002048DE /* ViewController.h */ = {isa = PBXFileReference; lastKnownFileType = sourcecode.c.h; path = ViewController.h; sourceTree = "<group>"; };
		2BB350931D8ECA42002048DE /* ViewController.m */ = {isa = PBXFileReference; lastKnownFileType = sourcecode.c.objc; path = ViewController.m; sourceTree = "<group>"; };
		2BB350961D8ECA43002048DE /* Base */ = {isa = PBXFileReference; lastKnownFileType = file.storyboard; name = Base; path = Base.lproj/Main.storyboard; sourceTree = "<group>"; };
		2BB350981D8ECA43002048DE /* Assets.xcassets */ = {isa = PBXFileReference; lastKnownFileType = folder.assetcatalog; path = Assets.xcassets; sourceTree = "<group>"; };
		2BB3509B1D8ECA43002048DE /* Base */ = {isa = PBXFileReference; lastKnownFileType = file.storyboard; name = Base; path = Base.lproj/LaunchScreen.storyboard; sourceTree = "<group>"; };
		2BB3509D1D8ECA43002048DE /* Info.plist */ = {isa = PBXFileReference; lastKnownFileType = text.plist.xml; path = Info.plist; sourceTree = "<group>"; };
		2BB350A21D8ECA43002048DE /* lcyzhiboTests.xctest */ = {isa = PBXFileReference; explicitFileType = wrapper.cfbundle; includeInIndex = 0; path = lcyzhiboTests.xctest; sourceTree = BUILT_PRODUCTS_DIR; };
		2BB350A61D8ECA43002048DE /* lcyzhiboTests.m */ = {isa = PBXFileReference; lastKnownFileType = sourcecode.c.objc; path = lcyzhiboTests.m; sourceTree = "<group>"; };
		2BB350A81D8ECA43002048DE /* Info.plist */ = {isa = PBXFileReference; lastKnownFileType = text.plist.xml; path = Info.plist; sourceTree = "<group>"; };
		2BB350AD1D8ECA43002048DE /* lcyzhiboUITests.xctest */ = {isa = PBXFileReference; explicitFileType = wrapper.cfbundle; includeInIndex = 0; path = lcyzhiboUITests.xctest; sourceTree = BUILT_PRODUCTS_DIR; };
		2BB350B11D8ECA43002048DE /* lcyzhiboUITests.m */ = {isa = PBXFileReference; lastKnownFileType = sourcecode.c.objc; path = lcyzhiboUITests.m; sourceTree = "<group>"; };
		2BB350B31D8ECA43002048DE /* Info.plist */ = {isa = PBXFileReference; lastKnownFileType = text.plist.xml; path = Info.plist; sourceTree = "<group>"; };
/* End PBXFileReference section */

/* Begin PBXFrameworksBuildPhase section */
		2BB350861D8ECA42002048DE /* Frameworks */ = {
			isa = PBXFrameworksBuildPhase;
			buildActionMask = 2147483647;
			files = (
			);
			runOnlyForDeploymentPostprocessing = 0;
		};
		2BB3509F1D8ECA43002048DE /* Frameworks */ = {
			isa = PBXFrameworksBuildPhase;
			buildActionMask = 2147483647;
			files = (
			);
			runOnlyForDeploymentPostprocessing = 0;
		};
		2BB350AA1D8ECA43002048DE /* Frameworks */ = {
			isa = PBXFrameworksBuildPhase;
			buildActionMask = 2147483647;
			files = (
			);
			runOnlyForDeploymentPostprocessing = 0;
		};
/* End PBXFrameworksBuildPhase section */

/* Begin PBXGroup section */
		2BB350801D8ECA42002048DE = {
			isa = PBXGroup;
			children = (
				2BB3508B1D8ECA42002048DE /* lcyzhibo */,
				2BB350A51D8ECA43002048DE /* lcyzhiboTests */,
				2BB350B01D8ECA43002048DE /* lcyzhiboUITests */,
				2BB3508A1D8ECA42002048DE /* Products */,
			);
			sourceTree = "<group>";
		};
		2BB3508A1D8ECA42002048DE /* Products */ = {
			isa = PBXGroup;
			children = (
				2BB350891D8ECA42002048DE /* lcyzhibo.app */,
				2BB350A21D8ECA43002048DE /* lcyzhiboTests.xctest */,
				2BB350AD1D8ECA43002048DE /* lcyzhiboUITests.xctest */,
			);
			name = Products;
			sourceTree = "<group>";
		};
		2BB3508B1D8ECA42002048DE /* lcyzhibo */ = {
			isa = PBXGroup;
			children = (
				2BB3508F1D8ECA42002048DE /* AppDelegate.h */,
				2BB350901D8ECA42002048DE /* AppDelegate.m */,
				2BB350921D8ECA42002048DE /* ViewController.h */,
				2BB350931D8ECA42002048DE /* ViewController.m */,
				2BB350951D8ECA43002048DE /* Main.storyboard */,
				2BB350981D8ECA43002048DE /* Assets.xcassets */,
				2BB3509A1D8ECA43002048DE /* LaunchScreen.storyboard */,
				2BB3509D1D8ECA43002048DE /* Info.plist */,
				2BB3508C1D8ECA42002048DE /* Supporting Files */,
			);
			path = lcyzhibo;
			sourceTree = "<group>";
		};
		2BB3508C1D8ECA42002048DE /* Supporting Files */ = {
			isa = PBXGroup;
			children = (
				2BB3508D1D8ECA42002048DE /* main.m */,
			);
			name = "Supporting Files";
			sourceTree = "<group>";
		};
		2BB350A51D8ECA43002048DE /* lcyzhiboTests */ = {
			isa = PBXGroup;
			children = (
				2BB350A61D8ECA43002048DE /* lcyzhiboTests.m */,
				2BB350A81D8ECA43002048DE /* Info.plist */,
			);
			path = lcyzhiboTests;
			sourceTree = "<group>";
		};
		2BB350B01D8ECA43002048DE /* lcyzhiboUITests */ = {
			isa = PBXGroup;
			children = (
				2BB350B11D8ECA43002048DE /* lcyzhiboUITests.m */,
				2BB350B31D8ECA43002048DE /* Info.plist */,
			);
			path = lcyzhiboUITests;
			sourceTree = "<group>";
		};
/* End PBXGroup section */

/* Begin PBXNativeTarget section */
		2BB350881D8ECA42002048DE /* lcyzhibo */ = {
			isa = PBXNativeTarget;
			buildConfigurationList = 2BB350B61D8ECA43002048DE /* Build configuration list for PBXNativeTarget "lcyzhibo" */;
			buildPhases = (
				2BB350851D8ECA42002048DE /* Sources */,
				2BB350861D8ECA42002048DE /* Frameworks */,
				2BB350871D8ECA42002048DE /* Resources */,
			);
			buildRules = (
			);
			dependencies = (
			);
			name = lcyzhibo;
			productName = lcyzhibo;
			productReference = 2BB350891D8ECA42002048DE /* lcyzhibo.app */;
			productType = "com.apple.product-type.application";
		};
		2BB350A11D8ECA43002048DE /* lcyzhiboTests */ = {
			isa = PBXNativeTarget;
			buildConfigurationList = 2BB350B91D8ECA43002048DE /* Build configuration list for PBXNativeTarget "lcyzhiboTests" */;
			buildPhases = (
				2BB3509E1D8ECA43002048DE /* Sources */,
				2BB3509F1D8ECA43002048DE /* Frameworks */,
				2BB350A01D8ECA43002048DE /* Resources */,
			);
			buildRules = (
			);
			dependencies = (
				2BB350A41D8ECA43002048DE /* PBXTargetDependency */,
			);
			name = lcyzhiboTests;
			productName = lcyzhiboTests;
			productReference = 2BB350A21D8ECA43002048DE /* lcyzhiboTests.xctest */;
			productType = "com.apple.product-type.bundle.unit-test";
		};
		2BB350AC1D8ECA43002048DE /* lcyzhiboUITests */ = {
			isa = PBXNativeTarget;
			buildConfigurationList = 2BB350BC1D8ECA43002048DE /* Build configuration list for PBXNativeTarget "lcyzhiboUITests" */;
			buildPhases = (
				2BB350A91D8ECA43002048DE /* Sources */,
				2BB350AA1D8ECA43002048DE /* Frameworks */,
				2BB350AB1D8ECA43002048DE /* Resources */,
			);
			buildRules = (
			);
			dependencies = (
				2BB350AF1D8ECA43002048DE /* PBXTargetDependency */,
			);
			name = lcyzhiboUITests;
			productName = lcyzhiboUITests;
			productReference = 2BB350AD1D8ECA43002048DE /* lcyzhiboUITests.xctest */;
			productType = "com.apple.product-type.bundle.ui-testing";
		};
/* End PBXNativeTarget section */

/* Begin PBXProject section */
		2BB350811D8ECA42002048DE /* Project object */ = {
			isa = PBXProject;
			attributes = {
				LastUpgradeCheck = 0730;
				ORGANIZATIONNAME = lincuiyuan;
				TargetAttributes = {
					2BB350881D8ECA42002048DE = {
						CreatedOnToolsVersion = 7.3;
						DevelopmentTeam = PQR388GBM9;
					};
					2BB350A11D8ECA43002048DE = {
						CreatedOnToolsVersion = 7.3;
						DevelopmentTeam = PQR388GBM9;
						TestTargetID = 2BB350881D8ECA42002048DE;
					};
					2BB350AC1D8ECA43002048DE = {
						CreatedOnToolsVersion = 7.3;
						DevelopmentTeam = PQR388GBM9;
						TestTargetID = 2BB350881D8ECA42002048DE;
					};
				};
			};
			buildConfigurationList = 2BB350841D8ECA42002048DE /* Build configuration list for PBXProject "lcyzhibo" */;
			compatibilityVersion = "Xcode 3.2";
			developmentRegion = English;
			hasScannedForEncodings = 0;
			knownRegions = (
				en,
				Base,
			);
			mainGroup = 2BB350801D8ECA42002048DE;
			productRefGroup = 2BB3508A1D8ECA42002048DE /* Products */;
			projectDirPath = "";
			projectRoot = "";
			targets = (
				2BB350881D8ECA42002048DE /* lcyzhibo */,
				2BB350A11D8ECA43002048DE /* lcyzhiboTests */,
				2BB350AC1D8ECA43002048DE /* lcyzhiboUITests */,
			);
		};
/* End PBXProject section */

/* Begin PBXResourcesBuildPhase section */
		2BB350871D8ECA42002048DE /* Resources */ = {
			isa = PBXResourcesBuildPhase;
			buildActionMask = 2147483647;
			files = (
				2BB3509C1D8ECA43002048DE /* LaunchScreen.storyboard in Resources */,
				2BB350991D8ECA43002048DE /* Assets.xcassets in Resources */,
				2BB350971D8ECA43002048DE /* Main.storyboard in Resources */,
			);
			runOnlyForDeploymentPostprocessing = 0;
		};
		2BB350A01D8ECA43002048DE /* Resources */ = {
			isa = PBXResourcesBuildPhase;
			buildActionMask = 2147483647;
			files = (
			);
			runOnlyForDeploymentPostprocessing = 0;
		};
		2BB350AB1D8ECA43002048DE /* Resources */ = {
			isa = PBXResourcesBuildPhase;
			buildActionMask = 2147483647;
			files = (
			);
			runOnlyForDeploymentPostprocessing = 0;
		};
/* End PBXResourcesBuildPhase section */

/* Begin PBXSourcesBuildPhase section */
		2BB350851D8ECA42002048DE /* Sources */ = {
			isa = PBXSourcesBuildPhase;
			buildActionMask = 2147483647;
			files = (
				2BB350941D8ECA42002048DE /* ViewController.m in Sources */,
				2BB350911D8ECA42002048DE /* AppDelegate.m in Sources */,
				2BB3508E1D8ECA42002048DE /* main.m in Sources */,
			);
			runOnlyForDeploymentPostprocessing = 0;
		};
		2BB3509E1D8ECA43002048DE /* Sources */ = {
			isa = PBXSourcesBuildPhase;
			buildActionMask = 2147483647;
			files = (
				2BB350A71D8ECA43002048DE /* lcyzhiboTests.m in Sources */,
			);
			runOnlyForDeploymentPostprocessing = 0;
		};
		2BB350A91D8ECA43002048DE /* Sources */ = {
			isa = PBXSourcesBuildPhase;
			buildActionMask = 2147483647;
			files = (
				2BB350B21D8ECA43002048DE /* lcyzhiboUITests.m in Sources */,
			);
			runOnlyForDeploymentPostprocessing = 0;
		};
/* End PBXSourcesBuildPhase section */

/* Begin PBXTargetDependency section */
		2BB350A41D8ECA43002048DE /* PBXTargetDependency */ = {
			isa = PBXTargetDependency;
			target = 2BB350881D8ECA42002048DE /* lcyzhibo */;
			targetProxy = 2BB350A31D8ECA43002048DE /* PBXContainerItemProxy */;
		};
		2BB350AF1D8ECA43002048DE /* PBXTargetDependency */ = {
			isa = PBXTargetDependency;
			target = 2BB350881D8ECA42002048DE /* lcyzhibo */;
			targetProxy = 2BB350AE1D8ECA43002048DE /* PBXContainerItemProxy */;
		};
/* End PBXTargetDependency section */

/* Begin PBXVariantGroup section */
		2BB350951D8ECA43002048DE /* Main.storyboard */ = {
			isa = PBXVariantGroup;
			children = (
				2BB350961D8ECA43002048DE /* Base */,
			);
			name = Main.storyboard;
			sourceTree = "<group>";
		};
		2BB3509A1D8ECA43002048DE /* LaunchScreen.storyboard */ = {
			isa = PBXVariantGroup;
			children = (
				2BB3509B1D8ECA43002048DE /* Base */,
			);
			name = LaunchScreen.storyboard;
			sourceTree = "<group>";
		};
/* End PBXVariantGroup section */

/* Begin XCBuildConfiguration section */
		2BB350B41D8ECA43002048DE /* Debug */ = {
			isa = XCBuildConfiguration;
			buildSettings = {
				ALWAYS_SEARCH_USER_PATHS = NO;
				CLANG_ANALYZER_NONNULL = YES;
				CLANG_CXX_LANGUAGE_STANDARD = "gnu++0x";
				CLANG_CXX_LIBRARY = "libc++";
				CLANG_ENABLE_MODULES = YES;
				CLANG_ENABLE_OBJC_ARC = YES;
				CLANG_WARN_BOOL_CONVERSION = YES;
				CLANG_WARN_CONSTANT_CONVERSION = YES;
				CLANG_WARN_DIRECT_OBJC_ISA_USAGE = YES_ERROR;
				CLANG_WARN_EMPTY_BODY = YES;
				CLANG_WARN_ENUM_CONVERSION = YES;
				CLANG_WARN_INT_CONVERSION = YES;
				CLANG_WARN_OBJC_ROOT_CLASS = YES_ERROR;
				CLANG_WARN_UNREACHABLE_CODE = YES;
				CLANG_WARN__DUPLICATE_METHOD_MATCH = YES;
				"CODE_SIGN_IDENTITY[sdk=iphoneos*]" = "iPhone Developer";
				COPY_PHASE_STRIP = NO;
				DEBUG_INFORMATION_FORMAT = dwarf;
				ENABLE_STRICT_OBJC_MSGSEND = YES;
				ENABLE_TESTABILITY = YES;
				GCC_C_LANGUAGE_STANDARD = gnu99;
				GCC_DYNAMIC_NO_PIC = NO;
				GCC_NO_COMMON_BLOCKS = YES;
				GCC_OPTIMIZATION_LEVEL = 0;
				GCC_PREPROCESSOR_DEFINITIONS = (
					"DEBUG=1",
					"$(inherited)",
				);
				GCC_WARN_64_TO_32_BIT_CONVERSION = YES;
				GCC_WARN_ABOUT_RETURN_TYPE = YES_ERROR;
				GCC_WARN_UNDECLARED_SELECTOR = YES;
				GCC_WARN_UNINITIALIZED_AUTOS = YES_AGGRESSIVE;
				GCC_WARN_UNUSED_FUNCTION = YES;
				GCC_WARN_UNUSED_VARIABLE = YES;
				IPHONEOS_DEPLOYMENT_TARGET = 9.3;
				MTL_ENABLE_DEBUG_INFO = YES;
				ONLY_ACTIVE_ARCH = YES;
				SDKROOT = iphoneos;
				TARGETED_DEVICE_FAMILY = "1,2";
			};
			name = Debug;
		};
		2BB350B51D8ECA43002048DE /* Release */ = {
			isa = XCBuildConfiguration;
			buildSettings = {
				ALWAYS_SEARCH_USER_PATHS = NO;
				CLANG_ANALYZER_NONNULL = YES;
				CLANG_CXX_LANGUAGE_STANDARD = "gnu++0x";
				CLANG_CXX_LIBRARY = "libc++";
				CLANG_ENABLE_MODULES = YES;
				CLANG_ENABLE_OBJC_ARC = YES;
				CLANG_WARN_BOOL_CONVERSION = YES;
				CLANG_WARN_CONSTANT_CONVERSION = YES;
				CLANG_WARN_DIRECT_OBJC_ISA_USAGE = YES_ERROR;
				CLANG_WARN_EMPTY_BODY = YES;
				CLANG_WARN_ENUM_CONVERSION = YES;
				CLANG_WARN_INT_CONVERSION = YES;
				CLANG_WARN_OBJC_ROOT_CLASS = YES_ERROR;
				CLANG_WARN_UNREACHABLE_CODE = YES;
				CLANG_WARN__DUPLICATE_METHOD_MATCH = YES;
				"CODE_SIGN_IDENTITY[sdk=iphoneos*]" = "iPhone Developer";
				COPY_PHASE_STRIP = NO;
				DEBUG_INFORMATION_FORMAT = "dwarf-with-dsym";
				ENABLE_NS_ASSERTIONS = NO;
				ENABLE_STRICT_OBJC_MSGSEND = YES;
				GCC_C_LANGUAGE_STANDARD = gnu99;
				GCC_NO_COMMON_BLOCKS = YES;
				GCC_WARN_64_TO_32_BIT_CONVERSION = YES;
				GCC_WARN_ABOUT_RETURN_TYPE = YES_ERROR;
				GCC_WARN_UNDECLARED_SELECTOR = YES;
				GCC_WARN_UNINITIALIZED_AUTOS = YES_AGGRESSIVE;
				GCC_WARN_UNUSED_FUNCTION = YES;
				GCC_WARN_UNUSED_VARIABLE = YES;
				IPHONEOS_DEPLOYMENT_TARGET = 9.3;
				MTL_ENABLE_DEBUG_INFO = NO;
				SDKROOT = iphoneos;
				TARGETED_DEVICE_FAMILY = "1,2";
				VALIDATE_PRODUCT = YES;
			};
			name = Release;
		};
		2BB350B71D8ECA43002048DE /* Debug */ = {
			isa = XCBuildConfiguration;
			buildSettings = {
				ASSETCATALOG_COMPILER_APPICON_NAME = AppIcon;
				INFOPLIST_FILE = lcyzhibo/Info.plist;
				LD_RUNPATH_SEARCH_PATHS = "$(inherited) @executable_path/Frameworks";
				PRODUCT_BUNDLE_IDENTIFIER = com.lincuiyuan.lcyzhibo;
				PRODUCT_NAME = "$(TARGET_NAME)";
			};
			name = Debug;
		};
		2BB350B81D8ECA43002048DE /* Release */ = {
			isa = XCBuildConfiguration;
			buildSettings = {
				ASSETCATALOG_COMPILER_APPICON_NAME = AppIcon;
				INFOPLIST_FILE = lcyzhibo/Info.plist;
				LD_RUNPATH_SEARCH_PATHS = "$(inherited) @executable_path/Frameworks";
				PRODUCT_BUNDLE_IDENTIFIER = com.lincuiyuan.lcyzhibo;
				PRODUCT_NAME = "$(TARGET_NAME)";
			};
			name = Release;
		};
		2BB350BA1D8ECA43002048DE /* Debug */ = {
			isa = XCBuildConfiguration;
			buildSettings = {
				BUNDLE_LOADER = "$(TEST_HOST)";
				INFOPLIST_FILE = lcyzhiboTests/Info.plist;
				LD_RUNPATH_SEARCH_PATHS = "$(inherited) @executable_path/Frameworks @loader_path/Frameworks";
				PRODUCT_BUNDLE_IDENTIFIER = com.lincuiyuan.lcyzhiboTests;
				PRODUCT_NAME = "$(TARGET_NAME)";
				TEST_HOST = "$(BUILT_PRODUCTS_DIR)/lcyzhibo.app/lcyzhibo";
			};
			name = Debug;
		};
		2BB350BB1D8ECA43002048DE /* Release */ = {
			isa = XCBuildConfiguration;
			buildSettings = {
				BUNDLE_LOADER = "$(TEST_HOST)";
				INFOPLIST_FILE = lcyzhiboTests/Info.plist;
				LD_RUNPATH_SEARCH_PATHS = "$(inherited) @executable_path/Frameworks @loader_path/Frameworks";
				PRODUCT_BUNDLE_IDENTIFIER = com.lincuiyuan.lcyzhiboTests;
				PRODUCT_NAME = "$(TARGET_NAME)";
				TEST_HOST = "$(BUILT_PRODUCTS_DIR)/lcyzhibo.app/lcyzhibo";
			};
			name = Release;
		};
		2BB350BD1D8ECA43002048DE /* Debug */ = {
			isa = XCBuildConfiguration;
			buildSettings = {
				INFOPLIST_FILE = lcyzhiboUITests/Info.plist;
				LD_RUNPATH_SEARCH_PATHS = "$(inherited) @executable_path/Frameworks @loader_path/Frameworks";
				PRODUCT_BUNDLE_IDENTIFIER = com.lincuiyuan.lcyzhiboUITests;
				PRODUCT_NAME = "$(TARGET_NAME)";
				TEST_TARGET_NAME = lcyzhibo;
			};
			name = Debug;
		};
		2BB350BE1D8ECA43002048DE /* Release */ = {
			isa = XCBuildConfiguration;
			buildSettings = {
				INFOPLIST_FILE = lcyzhiboUITests/Info.plist;
				LD_RUNPATH_SEARCH_PATHS = "$(inherited) @executable_path/Frameworks @loader_path/Frameworks";
				PRODUCT_BUNDLE_IDENTIFIER = com.lincuiyuan.lcyzhiboUITests;
				PRODUCT_NAME = "$(TARGET_NAME)";
				TEST_TARGET_NAME = lcyzhibo;
			};
			name = Release;
		};
/* End XCBuildConfiguration section */

/* Begin XCConfigurationList section */
		2BB350841D8ECA42002048DE /* Build configuration list for PBXProject "lcyzhibo" */ = {
			isa = XCConfigurationList;
			buildConfigurations = (
				2BB350B41D8ECA43002048DE /* Debug */,
				2BB350B51D8ECA43002048DE /* Release */,
			);
			defaultConfigurationIsVisible = 0;
			defaultConfigurationName = Release;
		};
		2BB350B61D8ECA43002048DE /* Build configuration list for PBXNativeTarget "lcyzhibo" */ = {
			isa = XCConfigurationList;
			buildConfigurations = (
				2BB350B71D8ECA43002048DE /* Debug */,
				2BB350B81D8ECA43002048DE /* Release */,
			);
			defaultConfigurationIsVisible = 0;
		};
		2BB350B91D8ECA43002048DE /* Build configuration list for PBXNativeTarget "lcyzhiboTests" */ = {
			isa = XCConfigurationList;
			buildConfigurations = (
				2BB350BA1D8ECA43002048DE /* Debug */,
				2BB350BB1D8ECA43002048DE /* Release */,
			);
			defaultConfigurationIsVisible = 0;
		};
		2BB350BC1D8ECA43002048DE /* Build configuration list for PBXNativeTarget "lcyzhiboUITests" */ = {
			isa = XCConfigurationList;
			buildConfigurations = (
				2BB350BD1D8ECA43002048DE /* Debug */,
				2BB350BE1D8ECA43002048DE /* Release */,
			);
			defaultConfigurationIsVisible = 0;
		};
/* End XCConfigurationList section */
	};
	rootObject = 2BB350811D8ECA42002048DE /* Project object */;
}
